
Microsoft Visual Studio Solution File, Format Version 12.00
# Visual Studio Version 16
VisualStudioVersion = 16.0.30406.217
MinimumVisualStudioVersion = 10.0.40219.1
Project("{FAE04EC0-301F-11D3-BF4B-00C04F79EFBC}") = "RobotPipetting", "RobotPipetting\RobotPipetting.csproj", "{B836FE53-4CB3-4C4A-B497-1215703E6889}"
EndProject
Project("{2150E333-8FDC-42A3-9474-1A3956D46DE8}") = "Solution Items", "Solution Items", "{1C7301B3-A959-40A1-968A-1C6465381281}"
	ProjectSection(SolutionItems) = preProject
		README.md = README.md
	EndProjectSection
EndProject
Global
	GlobalSection(SolutionConfigurationPlatforms) = preSolution
		Debug|Any CPU = Debug|Any CPU
		Release|Any CPU = Release|Any CPU
	EndGlobalSection
	GlobalSection(ProjectConfigurationPlatforms) = postSolution
		{B836FE53-4CB3-4C4A-B497-1215703E6889}.Debug|Any CPU.ActiveCfg = Debug|Any CPU
		{B836FE53-4CB3-4C4A-B497-1215703E6889}.Debug|Any CPU.Build.0 = Debug|Any CPU
		{B836FE53-4CB3-4C4A-B497-1215703E6889}.Release|Any CPU.ActiveCfg = Release|Any CPU
		{B836FE53-4CB3-4C4A-B497-1215703E6889}.Release|Any CPU.Build.0 = Release|Any CPU
	EndGlobalSection
	GlobalSection(SolutionProperties) = preSolution
		HideSolutionNode = FALSE
	EndGlobalSection
	GlobalSection(ExtensibilityGlobals) = postSolution
		SolutionGuid = {67D1E12E-AB7E-48B5-99AB-F858DAD21488}
	EndGlobalSection
EndGlobal
